// !$*UTF8*$!
{
	archiveVersion = 1;
	classes = {
	};
	objectVersion = 50;
	objects = {

/* Begin PBXBuildFile section */
		9015429A2467B08100DAEC6F /* SwiftStaticLib.swift in Sources */ = {isa = PBXBuildFile; fileRef = 901542992467B08100DAEC6F /* SwiftStaticLib.swift */; };
		901542A72467B11600DAEC6F /* AppDelegate.swift in Sources */ = {isa = PBXBuildFile; fileRef = 901542A62467B11600DAEC6F /* AppDelegate.swift */; };
		901542A92467B11600DAEC6F /* SceneDelegate.swift in Sources */ = {isa = PBXBuildFile; fileRef = 901542A82467B11600DAEC6F /* SceneDelegate.swift */; };
		901542AB2467B11600DAEC6F /* ViewController.swift in Sources */ = {isa = PBXBuildFile; fileRef = 901542AA2467B11600DAEC6F /* ViewController.swift */; };
		901542AE2467B11600DAEC6F /* Main.storyboard in Resources */ = {isa = PBXBuildFile; fileRef = 901542AC2467B11600DAEC6F /* Main.storyboard */; };
		901542B02467B11800DAEC6F /* Assets.xcassets in Resources */ = {isa = PBXBuildFile; fileRef = 901542AF2467B11800DAEC6F /* Assets.xcassets */; };
		901542B32467B11800DAEC6F /* LaunchScreen.storyboard in Resources */ = {isa = PBXBuildFile; fileRef = 901542B12467B11800DAEC6F /* LaunchScreen.storyboard */; };
		901542BF2467B3AB00DAEC6F /* SwiftStaticLibTests.swift in Sources */ = {isa = PBXBuildFile; fileRef = 901542BE2467B3AB00DAEC6F /* SwiftStaticLibTests.swift */; };
		901542C12467B3AB00DAEC6F /* libSwiftStaticLib.a in Frameworks */ = {isa = PBXBuildFile; fileRef = 901542962467B08100DAEC6F /* libSwiftStaticLib.a */; };
/* End PBXBuildFile section */

/* Begin PBXContainerItemProxy section */
		901542C22467B3AB00DAEC6F /* PBXContainerItemProxy */ = {
			isa = PBXContainerItemProxy;
			containerPortal = 9015428E2467B08100DAEC6F /* Project object */;
			proxyType = 1;
			remoteGlobalIDString = 901542952467B08100DAEC6F;
			remoteInfo = SwiftStaticLib;
		};
/* End PBXContainerItemProxy section */

/* Begin PBXCopyFilesBuildPhase section */
		901542942467B08100DAEC6F /* CopyFiles */ = {
			isa = PBXCopyFilesBuildPhase;
			buildActionMask = 2147483647;
			dstPath = "include/$(PRODUCT_NAME)";
			dstSubfolderSpec = 16;
			files = (
			);
			runOnlyForDeploymentPostprocessing = 0;
		};
/* End PBXCopyFilesBuildPhase section */

/* Begin PBXFileReference section */
		901542962467B08100DAEC6F /* libSwiftStaticLib.a */ = {isa = PBXFileReference; explicitFileType = archive.ar; includeInIndex = 0; path = libSwiftStaticLib.a; sourceTree = BUILT_PRODUCTS_DIR; };
		901542992467B08100DAEC6F /* SwiftStaticLib.swift */ = {isa = PBXFileReference; lastKnownFileType = sourcecode.swift; path = SwiftStaticLib.swift; sourceTree = "<group>"; };
		901542A42467B11600DAEC6F /* SwiftStaticLibExamples.app */ = {isa = PBXFileReference; explicitFileType = wrapper.application; includeInIndex = 0; path = SwiftStaticLibExamples.app; sourceTree = BUILT_PRODUCTS_DIR; };
		901542A62467B11600DAEC6F /* AppDelegate.swift */ = {isa = PBXFileReference; lastKnownFileType = sourcecode.swift; path = AppDelegate.swift; sourceTree = "<group>"; };
		901542A82467B11600DAEC6F /* SceneDelegate.swift */ = {isa = PBXFileReference; lastKnownFileType = sourcecode.swift; path = SceneDelegate.swift; sourceTree = "<group>"; };
		901542AA2467B11600DAEC6F /* ViewController.swift */ = {isa = PBXFileReference; lastKnownFileType = sourcecode.swift; path = ViewController.swift; sourceTree = "<group>"; };
		901542AD2467B11600DAEC6F /* Base */ = {isa = PBXFileReference; lastKnownFileType = file.storyboard; name = Base; path = Base.lproj/Main.storyboard; sourceTree = "<group>"; };
		901542AF2467B11800DAEC6F /* Assets.xcassets */ = {isa = PBXFileReference; lastKnownFileType = folder.assetcatalog; path = Assets.xcassets; sourceTree = "<group>"; };
		901542B22467B11800DAEC6F /* Base */ = {isa = PBXFileReference; lastKnownFileType = file.storyboard; name = Base; path = Base.lproj/LaunchScreen.storyboard; sourceTree = "<group>"; };
		901542B42467B11800DAEC6F /* Info.plist */ = {isa = PBXFileReference; lastKnownFileType = text.plist.xml; path = Info.plist; sourceTree = "<group>"; };
		901542BC2467B3AB00DAEC6F /* SwiftStaticLibTests.xctest */ = {isa = PBXFileReference; explicitFileType = wrapper.cfbundle; includeInIndex = 0; path = SwiftStaticLibTests.xctest; sourceTree = BUILT_PRODUCTS_DIR; };
		901542BE2467B3AB00DAEC6F /* SwiftStaticLibTests.swift */ = {isa = PBXFileReference; lastKnownFileType = sourcecode.swift; path = SwiftStaticLibTests.swift; sourceTree = "<group>"; };
		901542C02467B3AB00DAEC6F /* Info.plist */ = {isa = PBXFileReference; lastKnownFileType = text.plist.xml; path = Info.plist; sourceTree = "<group>"; };
/* End PBXFileReference section */

/* Begin PBXFrameworksBuildPhase section */
		901542932467B08100DAEC6F /* Frameworks */ = {
			isa = PBXFrameworksBuildPhase;
			buildActionMask = 2147483647;
			files = (
			);
			runOnlyForDeploymentPostprocessing = 0;
		};
		901542A12467B11600DAEC6F /* Frameworks */ = {
			isa = PBXFrameworksBuildPhase;
			buildActionMask = 2147483647;
			files = (
			);
			runOnlyForDeploymentPostprocessing = 0;
		};
		901542B92467B3AB00DAEC6F /* Frameworks */ = {
			isa = PBXFrameworksBuildPhase;
			buildActionMask = 2147483647;
			files = (
				901542C12467B3AB00DAEC6F /* libSwiftStaticLib.a in Frameworks */,
			);
			runOnlyForDeploymentPostprocessing = 0;
		};
/* End PBXFrameworksBuildPhase section */

/* Begin PBXGroup section */
		9015428D2467B08100DAEC6F = {
			isa = PBXGroup;
			children = (
				901542982467B08100DAEC6F /* SwiftStaticLib */,
				901542A52467B11600DAEC6F /* SwiftStaticLibExamples */,
				901542BD2467B3AB00DAEC6F /* SwiftStaticLibTests */,
				901542972467B08100DAEC6F /* Products */,
			);
			sourceTree = "<group>";
		};
		901542972467B08100DAEC6F /* Products */ = {
			isa = PBXGroup;
			children = (
				901542962467B08100DAEC6F /* libSwiftStaticLib.a */,
				901542A42467B11600DAEC6F /* SwiftStaticLibExamples.app */,
				901542BC2467B3AB00DAEC6F /* SwiftStaticLibTests.xctest */,
			);
			name = Products;
			sourceTree = "<group>";
		};
		901542982467B08100DAEC6F /* SwiftStaticLib */ = {
			isa = PBXGroup;
			children = (
				901542992467B08100DAEC6F /* SwiftStaticLib.swift */,
			);
			path = SwiftStaticLib;
			sourceTree = "<group>";
		};
		901542A52467B11600DAEC6F /* SwiftStaticLibExamples */ = {
			isa = PBXGroup;
			children = (
				901542A62467B11600DAEC6F /* AppDelegate.swift */,
				901542A82467B11600DAEC6F /* SceneDelegate.swift */,
				901542AA2467B11600DAEC6F /* ViewController.swift */,
				901542AC2467B11600DAEC6F /* Main.storyboard */,
				901542AF2467B11800DAEC6F /* Assets.xcassets */,
				901542B12467B11800DAEC6F /* LaunchScreen.storyboard */,
				901542B42467B11800DAEC6F /* Info.plist */,
			);
			path = SwiftStaticLibExamples;
			sourceTree = "<group>";
		};
		901542BD2467B3AB00DAEC6F /* SwiftStaticLibTests */ = {
			isa = PBXGroup;
			children = (
				901542BE2467B3AB00DAEC6F /* SwiftStaticLibTests.swift */,
				901542C02467B3AB00DAEC6F /* Info.plist */,
			);
			path = SwiftStaticLibTests;
			sourceTree = "<group>";
		};
/* End PBXGroup section */

/* Begin PBXNativeTarget section */
		901542952467B08100DAEC6F /* SwiftStaticLib */ = {
			isa = PBXNativeTarget;
			buildConfigurationList = 9015429D2467B08100DAEC6F /* Build configuration list for PBXNativeTarget "SwiftStaticLib" */;
			buildPhases = (
				901542922467B08100DAEC6F /* Sources */,
				901542932467B08100DAEC6F /* Frameworks */,
				901542942467B08100DAEC6F /* CopyFiles */,
			);
			buildRules = (
			);
			dependencies = (
			);
			name = SwiftStaticLib;
			productName = SwiftStaticLib;
			productReference = 901542962467B08100DAEC6F /* libSwiftStaticLib.a */;
			productType = "com.apple.product-type.library.static";
		};
		901542A32467B11600DAEC6F /* SwiftStaticLibExamples */ = {
			isa = PBXNativeTarget;
			buildConfigurationList = 901542B52467B11800DAEC6F /* Build configuration list for PBXNativeTarget "SwiftStaticLibExamples" */;
			buildPhases = (
				901542A02467B11600DAEC6F /* Sources */,
				901542A12467B11600DAEC6F /* Frameworks */,
				901542A22467B11600DAEC6F /* Resources */,
			);
			buildRules = (
			);
			dependencies = (
			);
			name = SwiftStaticLibExamples;
			productName = SwiftStaticLibExamples;
			productReference = 901542A42467B11600DAEC6F /* SwiftStaticLibExamples.app */;
			productType = "com.apple.product-type.application";
		};
		901542BB2467B3AB00DAEC6F /* SwiftStaticLibTests */ = {
			isa = PBXNativeTarget;
			buildConfigurationList = 901542C62467B3AB00DAEC6F /* Build configuration list for PBXNativeTarget "SwiftStaticLibTests" */;
			buildPhases = (
				901542B82467B3AB00DAEC6F /* Sources */,
				901542B92467B3AB00DAEC6F /* Frameworks */,
				901542BA2467B3AB00DAEC6F /* Resources */,
			);
			buildRules = (
			);
			dependencies = (
				901542C32467B3AB00DAEC6F /* PBXTargetDependency */,
			);
			name = SwiftStaticLibTests;
			productName = SwiftStaticLibTests;
			productReference = 901542BC2467B3AB00DAEC6F /* SwiftStaticLibTests.xctest */;
			productType = "com.apple.product-type.bundle.unit-test";
		};
/* End PBXNativeTarget section */

/* Begin PBXProject section */
		9015428E2467B08100DAEC6F /* Project object */ = {
			isa = PBXProject;
			attributes = {
				LastSwiftUpdateCheck = 1120;
				LastUpgradeCheck = 1120;
				ORGANIZATIONNAME = "Thang Do";
				TargetAttributes = {
					901542952467B08100DAEC6F = {
						CreatedOnToolsVersion = 11.2.1;
					};
					901542A32467B11600DAEC6F = {
						CreatedOnToolsVersion = 11.2.1;
					};
					901542BB2467B3AB00DAEC6F = {
						CreatedOnToolsVersion = 11.2.1;
					};
				};
			};
			buildConfigurationList = 901542912467B08100DAEC6F /* Build configuration list for PBXProject "SwiftStaticLib" */;
			compatibilityVersion = "Xcode 9.3";
			developmentRegion = en;
			hasScannedForEncodings = 0;
			knownRegions = (
				en,
				Base,
			);
			mainGroup = 9015428D2467B08100DAEC6F;
			productRefGroup = 901542972467B08100DAEC6F /* Products */;
			projectDirPath = "";
			projectRoot = "";
			targets = (
				901542952467B08100DAEC6F /* SwiftStaticLib */,
				901542BB2467B3AB00DAEC6F /* SwiftStaticLibTests */,
				901542A32467B11600DAEC6F /* SwiftStaticLibExamples */,
			);
		};
/* End PBXProject section */

/* Begin PBXResourcesBuildPhase section */
		901542A22467B11600DAEC6F /* Resources */ = {
			isa = PBXResourcesBuildPhase;
			buildActionMask = 2147483647;
			files = (
				901542B32467B11800DAEC6F /* LaunchScreen.storyboard in Resources */,
				901542B02467B11800DAEC6F /* Assets.xcassets in Resources */,
				901542AE2467B11600DAEC6F /* Main.storyboard in Resources */,
			);
			runOnlyForDeploymentPostprocessing = 0;
		};
		901542BA2467B3AB00DAEC6F /* Resources */ = {
			isa = PBXResourcesBuildPhase;
			buildActionMask = 2147483647;
			files = (
			);
			runOnlyForDeploymentPostprocessing = 0;
		};
/* End PBXResourcesBuildPhase section */

/* Begin PBXSourcesBuildPhase section */
		901542922467B08100DAEC6F /* Sources */ = {
			isa = PBXSourcesBuildPhase;
			buildActionMask = 2147483647;
			files = (
				9015429A2467B08100DAEC6F /* SwiftStaticLib.swift in Sources */,
			);
			runOnlyForDeploymentPostprocessing = 0;
		};
		901542A02467B11600DAEC6F /* Sources */ = {
			isa = PBXSourcesBuildPhase;
			buildActionMask = 2147483647;
			files = (
				901542AB2467B11600DAEC6F /* ViewController.swift in Sources */,
				901542A72467B11600DAEC6F /* AppDelegate.swift in Sources */,
				901542A92467B11600DAEC6F /* SceneDelegate.swift in Sources */,
			);
			runOnlyForDeploymentPostprocessing = 0;
		};
		901542B82467B3AB00DAEC6F /* Sources */ = {
			isa = PBXSourcesBuildPhase;
			buildActionMask = 2147483647;
			files = (
				901542BF2467B3AB00DAEC6F /* SwiftStaticLibTests.swift in Sources */,
			);
			runOnlyForDeploymentPostprocessing = 0;
		};
/* End PBXSourcesBuildPhase section */

/* Begin PBXTargetDependency section */
		901542C32467B3AB00DAEC6F /* PBXTargetDependency */ = {
			isa = PBXTargetDependency;
			target = 901542952467B08100DAEC6F /* SwiftStaticLib */;
			targetProxy = 901542C22467B3AB00DAEC6F /* PBXContainerItemProxy */;
		};
/* End PBXTargetDependency section */

/* Begin PBXVariantGroup section */
		901542AC2467B11600DAEC6F /* Main.storyboard */ = {
			isa = PBXVariantGroup;
			children = (
				901542AD2467B11600DAEC6F /* Base */,
			);
			name = Main.storyboard;
			sourceTree = "<group>";
		};
		901542B12467B11800DAEC6F /* LaunchScreen.storyboard */ = {
			isa = PBXVariantGroup;
			children = (
				901542B22467B11800DAEC6F /* Base */,
			);
			name = LaunchScreen.storyboard;
			sourceTree = "<group>";
		};
/* End PBXVariantGroup section */

/* Begin XCBuildConfiguration section */
		9015429B2467B08100DAEC6F /* Debug */ = {
			isa = XCBuildConfiguration;
			buildSettings = {
				ALWAYS_SEARCH_USER_PATHS = NO;
				CLANG_ANALYZER_NONNULL = YES;
				CLANG_ANALYZER_NUMBER_OBJECT_CONVERSION = YES_AGGRESSIVE;
				CLANG_CXX_LANGUAGE_STANDARD = "gnu++14";
				CLANG_CXX_LIBRARY = "libc++";
				CLANG_ENABLE_MODULES = YES;
				CLANG_ENABLE_OBJC_ARC = YES;
				CLANG_ENABLE_OBJC_WEAK = YES;
				CLANG_WARN_BLOCK_CAPTURE_AUTORELEASING = YES;
				CLANG_WARN_BOOL_CONVERSION = YES;
				CLANG_WARN_COMMA = YES;
				CLANG_WARN_CONSTANT_CONVERSION = YES;
				CLANG_WARN_DEPRECATED_OBJC_IMPLEMENTATIONS = YES;
				CLANG_WARN_DIRECT_OBJC_ISA_USAGE = YES_ERROR;
				CLANG_WARN_DOCUMENTATION_COMMENTS = YES;
				CLANG_WARN_EMPTY_BODY = YES;
				CLANG_WARN_ENUM_CONVERSION = YES;
				CLANG_WARN_INFINITE_RECURSION = YES;
				CLANG_WARN_INT_CONVERSION = YES;
				CLANG_WARN_NON_LITERAL_NULL_CONVERSION = YES;
				CLANG_WARN_OBJC_IMPLICIT_RETAIN_SELF = YES;
				CLANG_WARN_OBJC_LITERAL_CONVERSION = YES;
				CLANG_WARN_OBJC_ROOT_CLASS = YES_ERROR;
				CLANG_WARN_RANGE_LOOP_ANALYSIS = YES;
				CLANG_WARN_STRICT_PROTOTYPES = YES;
				CLANG_WARN_SUSPICIOUS_MOVE = YES;
				CLANG_WARN_UNGUARDED_AVAILABILITY = YES_AGGRESSIVE;
				CLANG_WARN_UNREACHABLE_CODE = YES;
				CLANG_WARN__DUPLICATE_METHOD_MATCH = YES;
				COPY_PHASE_STRIP = NO;
				DEBUG_INFORMATION_FORMAT = dwarf;
				ENABLE_STRICT_OBJC_MSGSEND = YES;
				ENABLE_TESTABILITY = YES;
				GCC_C_LANGUAGE_STANDARD = gnu11;
				GCC_DYNAMIC_NO_PIC = NO;
				GCC_NO_COMMON_BLOCKS = YES;
				GCC_OPTIMIZATION_LEVEL = 0;
				GCC_PREPROCESSOR_DEFINITIONS = (
					"DEBUG=1",
					"$(inherited)",
				);
				GCC_WARN_64_TO_32_BIT_CONVERSION = YES;
				GCC_WARN_ABOUT_RETURN_TYPE = YES_ERROR;
				GCC_WARN_UNDECLARED_SELECTOR = YES;
				GCC_WARN_UNINITIALIZED_AUTOS = YES_AGGRESSIVE;
				GCC_WARN_UNUSED_FUNCTION = YES;
				GCC_WARN_UNUSED_VARIABLE = YES;
				IPHONEOS_DEPLOYMENT_TARGET = 13.2;
				MTL_ENABLE_DEBUG_INFO = INCLUDE_SOURCE;
				MTL_FAST_MATH = YES;
				ONLY_ACTIVE_ARCH = YES;
				SDKROOT = iphoneos;
				SWIFT_ACTIVE_COMPILATION_CONDITIONS = DEBUG;
				SWIFT_OPTIMIZATION_LEVEL = "-Onone";
			};
			name = Debug;
		};
		9015429C2467B08100DAEC6F /* Release */ = {
			isa = XCBuildConfiguration;
			buildSettings = {
				ALWAYS_SEARCH_USER_PATHS = NO;
				CLANG_ANALYZER_NONNULL = YES;
				CLANG_ANALYZER_NUMBER_OBJECT_CONVERSION = YES_AGGRESSIVE;
				CLANG_CXX_LANGUAGE_STANDARD = "gnu++14";
				CLANG_CXX_LIBRARY = "libc++";
				CLANG_ENABLE_MODULES = YES;
				CLANG_ENABLE_OBJC_ARC = YES;
				CLANG_ENABLE_OBJC_WEAK = YES;
				CLANG_WARN_BLOCK_CAPTURE_AUTORELEASING = YES;
				CLANG_WARN_BOOL_CONVERSION = YES;
				CLANG_WARN_COMMA = YES;
				CLANG_WARN_CONSTANT_CONVERSION = YES;
				CLANG_WARN_DEPRECATED_OBJC_IMPLEMENTATIONS = YES;
				CLANG_WARN_DIRECT_OBJC_ISA_USAGE = YES_ERROR;
				CLANG_WARN_DOCUMENTATION_COMMENTS = YES;
				CLANG_WARN_EMPTY_BODY = YES;
				CLANG_WARN_ENUM_CONVERSION = YES;
				CLANG_WARN_INFINITE_RECURSION = YES;
				CLANG_WARN_INT_CONVERSION = YES;
				CLANG_WARN_NON_LITERAL_NULL_CONVERSION = YES;
				CLANG_WARN_OBJC_IMPLICIT_RETAIN_SELF = YES;
				CLANG_WARN_OBJC_LITERAL_CONVERSION = YES;
				CLANG_WARN_OBJC_ROOT_CLASS = YES_ERROR;
				CLANG_WARN_RANGE_LOOP_ANALYSIS = YES;
				CLANG_WARN_STRICT_PROTOTYPES = YES;
				CLANG_WARN_SUSPICIOUS_MOVE = YES;
				CLANG_WARN_UNGUARDED_AVAILABILITY = YES_AGGRESSIVE;
				CLANG_WARN_UNREACHABLE_CODE = YES;
				CLANG_WARN__DUPLICATE_METHOD_MATCH = YES;
				COPY_PHASE_STRIP = NO;
				DEBUG_INFORMATION_FORMAT = "dwarf-with-dsym";
				ENABLE_NS_ASSERTIONS = NO;
				ENABLE_STRICT_OBJC_MSGSEND = YES;
				GCC_C_LANGUAGE_STANDARD = gnu11;
				GCC_NO_COMMON_BLOCKS = YES;
				GCC_WARN_64_TO_32_BIT_CONVERSION = YES;
				GCC_WARN_ABOUT_RETURN_TYPE = YES_ERROR;
				GCC_WARN_UNDECLARED_SELECTOR = YES;
				GCC_WARN_UNINITIALIZED_AUTOS = YES_AGGRESSIVE;
				GCC_WARN_UNUSED_FUNCTION = YES;
				GCC_WARN_UNUSED_VARIABLE = YES;
				IPHONEOS_DEPLOYMENT_TARGET = 13.2;
				MTL_ENABLE_DEBUG_INFO = NO;
				MTL_FAST_MATH = YES;
				SDKROOT = iphoneos;
				SWIFT_COMPILATION_MODE = wholemodule;
				SWIFT_OPTIMIZATION_LEVEL = "-O";
				VALIDATE_PRODUCT = YES;
			};
			name = Release;
		};
		9015429E2467B08100DAEC6F /* Debug */ = {
			isa = XCBuildConfiguration;
			buildSettings = {
				CODE_SIGN_STYLE = Automatic;
				IPHONEOS_DEPLOYMENT_TARGET = 9.0;
				OTHER_LDFLAGS = "-ObjC";
				PRODUCT_NAME = "$(TARGET_NAME)";
				SKIP_INSTALL = YES;
				SWIFT_VERSION = 5.0;
				TARGETED_DEVICE_FAMILY = "1,2";
			};
			name = Debug;
		};
		9015429F2467B08100DAEC6F /* Release */ = {
			isa = XCBuildConfiguration;
			buildSettings = {
				CODE_SIGN_STYLE = Automatic;
				IPHONEOS_DEPLOYMENT_TARGET = 9.0;
				OTHER_LDFLAGS = "-ObjC";
				PRODUCT_NAME = "$(TARGET_NAME)";
				SKIP_INSTALL = YES;
				SWIFT_VERSION = 5.0;
				TARGETED_DEVICE_FAMILY = "1,2";
			};
			name = Release;
		};
		901542B62467B11800DAEC6F /* Debug */ = {
			isa = XCBuildConfiguration;
			buildSettings = {
				ASSETCATALOG_COMPILER_APPICON_NAME = AppIcon;
				CODE_SIGN_STYLE = Automatic;
				DEVELOPMENT_TEAM = 33TNG9DCG9;
				INFOPLIST_FILE = SwiftStaticLibExamples/Info.plist;
				IPHONEOS_DEPLOYMENT_TARGET = 9.0;
				LD_RUNPATH_SEARCH_PATHS = (
					"$(inherited)",
					"@executable_path/Frameworks",
				);
				PRODUCT_BUNDLE_IDENTIFIER = com.saritasa.SwiftStaticLibExamples;
				PRODUCT_NAME = "$(TARGET_NAME)";
				SWIFT_VERSION = 5.0;
				TARGETED_DEVICE_FAMILY = "1,2";
			};
			name = Debug;
		};
		901542B72467B11800DAEC6F /* Release */ = {
			isa = XCBuildConfiguration;
			buildSettings = {
				ASSETCATALOG_COMPILER_APPICON_NAME = AppIcon;
				CODE_SIGN_STYLE = Automatic;
				DEVELOPMENT_TEAM = 33TNG9DCG9;
				INFOPLIST_FILE = SwiftStaticLibExamples/Info.plist;
				IPHONEOS_DEPLOYMENT_TARGET = 9.0;
				LD_RUNPATH_SEARCH_PATHS = (
					"$(inherited)",
					"@executable_path/Frameworks",
				);
				PRODUCT_BUNDLE_IDENTIFIER = com.saritasa.SwiftStaticLibExamples;
				PRODUCT_NAME = "$(TARGET_NAME)";
				SWIFT_VERSION = 5.0;
				TARGETED_DEVICE_FAMILY = "1,2";
			};
			name = Release;
		};
		901542C42467B3AB00DAEC6F /* Debug */ = {
			isa = XCBuildConfiguration;
			buildSettings = {
				CODE_SIGN_STYLE = Automatic;
				INFOPLIST_FILE = SwiftStaticLibTests/Info.plist;
				IPHONEOS_DEPLOYMENT_TARGET = 9.0;
				LD_RUNPATH_SEARCH_PATHS = (
					"$(inherited)",
					"@executable_path/Frameworks",
					"@loader_path/Frameworks",
				);
				PRODUCT_BUNDLE_IDENTIFIER = com.saritasa.SwiftStaticLibTests;
				PRODUCT_NAME = "$(TARGET_NAME)";
				SWIFT_VERSION = 5.0;
				TARGETED_DEVICE_FAMILY = "1,2";
			};
			name = Debug;
		};
		901542C52467B3AB00DAEC6F /* Release */ = {
			isa = XCBuildConfiguration;
			buildSettings = {
				CODE_SIGN_STYLE = Automatic;
				INFOPLIST_FILE = SwiftStaticLibTests/Info.plist;
				IPHONEOS_DEPLOYMENT_TARGET = 9.0;
				LD_RUNPATH_SEARCH_PATHS = (
					"$(inherited)",
					"@executable_path/Frameworks",
					"@loader_path/Frameworks",
				);
				PRODUCT_BUNDLE_IDENTIFIER = com.saritasa.SwiftStaticLibTests;
				PRODUCT_NAME = "$(TARGET_NAME)";
				SWIFT_VERSION = 5.0;
				TARGETED_DEVICE_FAMILY = "1,2";
			};
			name = Release;
		};
/* End XCBuildConfiguration section */

/* Begin XCConfigurationList section */
		901542912467B08100DAEC6F /* Build configuration list for PBXProject "SwiftStaticLib" */ = {
			isa = XCConfigurationList;
			buildConfigurations = (
				9015429B2467B08100DAEC6F /* Debug */,
				9015429C2467B08100DAEC6F /* Release */,
			);
			defaultConfigurationIsVisible = 0;
			defaultConfigurationName = Release;
		};
		9015429D2467B08100DAEC6F /* Build configuration list for PBXNativeTarget "SwiftStaticLib" */ = {
			isa = XCConfigurationList;
			buildConfigurations = (
				9015429E2467B08100DAEC6F /* Debug */,
				9015429F2467B08100DAEC6F /* Release */,
			);
			defaultConfigurationIsVisible = 0;
			defaultConfigurationName = Release;
		};
		901542B52467B11800DAEC6F /* Build configuration list for PBXNativeTarget "SwiftStaticLibExamples" */ = {
			isa = XCConfigurationList;
			buildConfigurations = (
				901542B62467B11800DAEC6F /* Debug */,
				901542B72467B11800DAEC6F /* Release */,
			);
			defaultConfigurationIsVisible = 0;
			defaultConfigurationName = Release;
		};
		901542C62467B3AB00DAEC6F /* Build configuration list for PBXNativeTarget "SwiftStaticLibTests" */ = {
			isa = XCConfigurationList;
			buildConfigurations = (
				901542C42467B3AB00DAEC6F /* Debug */,
				901542C52467B3AB00DAEC6F /* Release */,
			);
			defaultConfigurationIsVisible = 0;
			defaultConfigurationName = Release;
		};
/* End XCConfigurationList section */
	};
	rootObject = 9015428E2467B08100DAEC6F /* Project object */;
}
